
Microsoft Visual Studio Solution File, Format Version 12.00
# Visual Studio Version 16
VisualStudioVersion = 16.0.31613.86
MinimumVisualStudioVersion = 10.0.40219.1
Project("{FAE04EC0-301F-11D3-BF4B-00C04F79EFBC}") = "ProyectoArquitectura", "ProyectoArquitectura\ProyectoArquitectura.csproj", "{327CA929-08D8-44CE-B9B2-BFE4473ACFF7}"
EndProject
Global
	GlobalSection(SolutionConfigurationPlatforms) = preSolution
		Debug|Any CPU = Debug|Any CPU
		Release|Any CPU = Release|Any CPU
	EndGlobalSection
	GlobalSection(ProjectConfigurationPlatforms) = postSolution
		{327CA929-08D8-44CE-B9B2-BFE4473ACFF7}.Debug|Any CPU.ActiveCfg = Debug|Any CPU
		{327CA929-08D8-44CE-B9B2-BFE4473ACFF7}.Debug|Any CPU.Build.0 = Debug|Any CPU
		{327CA929-08D8-44CE-B9B2-BFE4473ACFF7}.Release|Any CPU.ActiveCfg = Release|Any CPU
		{327CA929-08D8-44CE-B9B2-BFE4473ACFF7}.Release|Any CPU.Build.0 = Release|Any CPU
	EndGlobalSection
	GlobalSection(SolutionProperties) = preSolution
		HideSolutionNode = FALSE
	EndGlobalSection
	GlobalSection(ExtensibilityGlobals) = postSolution
		SolutionGuid = {B8C72F31-90C7-409E-B8A0-975E98ED77B4}
	EndGlobalSection
EndGlobal
